PODS:
  - Alamofire (4.8.1)
  - ObjectMapper (3.4.2)

DEPENDENCIES:
  - Alamofire
  - ObjectMapper

SPEC REPOS:
  https://github.com/cocoapods/specs.git:
    - Alamofire
    - ObjectMapper

SPEC CHECKSUMS:
  Alamofire: 16ce2c353fb72865124ddae8a57c5942388f4f11
  ObjectMapper: 0d4402610f4e468903ae64629eec4784531e5c51

PODFILE CHECKSUM: be36d518581bfd4db86bd667aa792a41fcedc091

COCOAPODS: 1.5.3
